// !$*UTF8*$!
{
	archiveVersion = 1;
	classes = {
	};
	objectVersion = 50;
	objects = {

/* Begin PBXBuildFile section */
		A82B8620240E3E9100139807 /* AppDelegate.swift in Sources */ = {isa = PBXBuildFile; fileRef = A82B861F240E3E9100139807 /* AppDelegate.swift */; };
		A82B8622240E3E9100139807 /* SceneDelegate.swift in Sources */ = {isa = PBXBuildFile; fileRef = A82B8621240E3E9100139807 /* SceneDelegate.swift */; };
		A82B8627240E3E9100139807 /* Main.storyboard in Resources */ = {isa = PBXBuildFile; fileRef = A82B8625240E3E9100139807 /* Main.storyboard */; };
		A82B8629240E3E9200139807 /* Assets.xcassets in Resources */ = {isa = PBXBuildFile; fileRef = A82B8628240E3E9200139807 /* Assets.xcassets */; };
		A82B862C240E3E9200139807 /* LaunchScreen.storyboard in Resources */ = {isa = PBXBuildFile; fileRef = A82B862A240E3E9200139807 /* LaunchScreen.storyboard */; };
		A82B863B240E3FFA00139807 /* ChracterTableViewController.swift in Sources */ = {isa = PBXBuildFile; fileRef = A82B863A240E3FFA00139807 /* ChracterTableViewController.swift */; };
		A82B863D240E404500139807 /* DetailsViewController.swift in Sources */ = {isa = PBXBuildFile; fileRef = A82B863C240E404500139807 /* DetailsViewController.swift */; };
		A82B8640240E409C00139807 /* TableViewCell.swift in Sources */ = {isa = PBXBuildFile; fileRef = A82B863F240E409C00139807 /* TableViewCell.swift */; };
		A82B8642240E40E100139807 /* RickAndMorty.swift in Sources */ = {isa = PBXBuildFile; fileRef = A82B8641240E40E100139807 /* RickAndMorty.swift */; };
		A82B8644240E411E00139807 /* NetworkManager.swift in Sources */ = {isa = PBXBuildFile; fileRef = A82B8643240E411E00139807 /* NetworkManager.swift */; };
		A82B8647240E421C00139807 /* Extension + UIViewController.swift in Sources */ = {isa = PBXBuildFile; fileRef = A82B8646240E421C00139807 /* Extension + UIViewController.swift */; };
/* End PBXBuildFile section */

/* Begin PBXFileReference section */
		A82B861C240E3E9100139807 /* RickAndMorty.app */ = {isa = PBXFileReference; explicitFileType = wrapper.application; includeInIndex = 0; path = RickAndMorty.app; sourceTree = BUILT_PRODUCTS_DIR; };
		A82B861F240E3E9100139807 /* AppDelegate.swift */ = {isa = PBXFileReference; lastKnownFileType = sourcecode.swift; path = AppDelegate.swift; sourceTree = "<group>"; };
		A82B8621240E3E9100139807 /* SceneDelegate.swift */ = {isa = PBXFileReference; lastKnownFileType = sourcecode.swift; path = SceneDelegate.swift; sourceTree = "<group>"; };
		A82B8626240E3E9100139807 /* Base */ = {isa = PBXFileReference; lastKnownFileType = file.storyboard; name = Base; path = Base.lproj/Main.storyboard; sourceTree = "<group>"; };
		A82B8628240E3E9200139807 /* Assets.xcassets */ = {isa = PBXFileReference; lastKnownFileType = folder.assetcatalog; path = Assets.xcassets; sourceTree = "<group>"; };
		A82B862B240E3E9200139807 /* Base */ = {isa = PBXFileReference; lastKnownFileType = file.storyboard; name = Base; path = Base.lproj/LaunchScreen.storyboard; sourceTree = "<group>"; };
		A82B862D240E3E9200139807 /* Info.plist */ = {isa = PBXFileReference; lastKnownFileType = text.plist.xml; path = Info.plist; sourceTree = "<group>"; };
		A82B863A240E3FFA00139807 /* ChracterTableViewController.swift */ = {isa = PBXFileReference; lastKnownFileType = sourcecode.swift; path = ChracterTableViewController.swift; sourceTree = "<group>"; };
		A82B863C240E404500139807 /* DetailsViewController.swift */ = {isa = PBXFileReference; lastKnownFileType = sourcecode.swift; path = DetailsViewController.swift; sourceTree = "<group>"; };
		A82B863F240E409C00139807 /* TableViewCell.swift */ = {isa = PBXFileReference; lastKnownFileType = sourcecode.swift; path = TableViewCell.swift; sourceTree = "<group>"; };
		A82B8641240E40E100139807 /* RickAndMorty.swift */ = {isa = PBXFileReference; lastKnownFileType = sourcecode.swift; path = RickAndMorty.swift; sourceTree = "<group>"; };
		A82B8643240E411E00139807 /* NetworkManager.swift */ = {isa = PBXFileReference; lastKnownFileType = sourcecode.swift; path = NetworkManager.swift; sourceTree = "<group>"; };
		A82B8646240E421C00139807 /* Extension + UIViewController.swift */ = {isa = PBXFileReference; lastKnownFileType = sourcecode.swift; path = "Extension + UIViewController.swift"; sourceTree = "<group>"; };
/* End PBXFileReference section */

/* Begin PBXFrameworksBuildPhase section */
		A82B8619240E3E9100139807 /* Frameworks */ = {
			isa = PBXFrameworksBuildPhase;
			buildActionMask = 2147483647;
			files = (
			);
			runOnlyForDeploymentPostprocessing = 0;
		};
/* End PBXFrameworksBuildPhase section */

/* Begin PBXGroup section */
		A82B8613240E3E9100139807 = {
			isa = PBXGroup;
			children = (
				A82B861E240E3E9100139807 /* RickAndMorty */,
				A82B861D240E3E9100139807 /* Products */,
			);
			sourceTree = "<group>";
		};
		A82B861D240E3E9100139807 /* Products */ = {
			isa = PBXGroup;
			children = (
				A82B861C240E3E9100139807 /* RickAndMorty.app */,
			);
			name = Products;
			sourceTree = "<group>";
		};
		A82B861E240E3E9100139807 /* RickAndMorty */ = {
			isa = PBXGroup;
			children = (
				A82B8637240E3F3500139807 /* Models */,
				A82B8634240E3EF600139807 /* ViewControllers */,
				A82B863E240E408000139807 /* Views */,
				A82B8639240E3F4800139807 /* Managers */,
				A82B8645240E41F500139807 /* Extensions */,
				A82B8633240E3EAC00139807 /* SupportingFiles */,
				A82B8635240E3F1300139807 /* Storyboards */,
				A82B8636240E3F2600139807 /* Sourse */,
			);
			path = RickAndMorty;
			sourceTree = "<group>";
		};
		A82B8633240E3EAC00139807 /* SupportingFiles */ = {
			isa = PBXGroup;
			children = (
				A82B861F240E3E9100139807 /* AppDelegate.swift */,
				A82B8621240E3E9100139807 /* SceneDelegate.swift */,
				A82B862D240E3E9200139807 /* Info.plist */,
			);
			path = SupportingFiles;
			sourceTree = "<group>";
		};
		A82B8634240E3EF600139807 /* ViewControllers */ = {
			isa = PBXGroup;
			children = (
				A82B863A240E3FFA00139807 /* ChracterTableViewController.swift */,
				A82B863C240E404500139807 /* DetailsViewController.swift */,
			);
			path = ViewControllers;
			sourceTree = "<group>";
		};
		A82B8635240E3F1300139807 /* Storyboards */ = {
			isa = PBXGroup;
			children = (
				A82B8625240E3E9100139807 /* Main.storyboard */,
				A82B862A240E3E9200139807 /* LaunchScreen.storyboard */,
			);
			path = Storyboards;
			sourceTree = "<group>";
		};
		A82B8636240E3F2600139807 /* Sourse */ = {
			isa = PBXGroup;
			children = (
				A82B8628240E3E9200139807 /* Assets.xcassets */,
			);
			path = Sourse;
			sourceTree = "<group>";
		};
		A82B8637240E3F3500139807 /* Models */ = {
			isa = PBXGroup;
			children = (
				A82B8641240E40E100139807 /* RickAndMorty.swift */,
			);
			path = Models;
			sourceTree = "<group>";
		};
		A82B8639240E3F4800139807 /* Managers */ = {
			isa = PBXGroup;
			children = (
				A82B8643240E411E00139807 /* NetworkManager.swift */,
			);
			path = Managers;
			sourceTree = "<group>";
		};
		A82B863E240E408000139807 /* Views */ = {
			isa = PBXGroup;
			children = (
				A82B863F240E409C00139807 /* TableViewCell.swift */,
			);
			path = Views;
			sourceTree = "<group>";
		};
		A82B8645240E41F500139807 /* Extensions */ = {
			isa = PBXGroup;
			children = (
				A82B8646240E421C00139807 /* Extension + UIViewController.swift */,
			);
			path = Extensions;
			sourceTree = "<group>";
		};
/* End PBXGroup section */

/* Begin PBXNativeTarget section */
		A82B861B240E3E9100139807 /* RickAndMorty */ = {
			isa = PBXNativeTarget;
			buildConfigurationList = A82B8630240E3E9200139807 /* Build configuration list for PBXNativeTarget "RickAndMorty" */;
			buildPhases = (
				A82B8618240E3E9100139807 /* Sources */,
				A82B8619240E3E9100139807 /* Frameworks */,
				A82B861A240E3E9100139807 /* Resources */,
			);
			buildRules = (
			);
			dependencies = (
			);
			name = RickAndMorty;
			productName = RickAndMorty;
			productReference = A82B861C240E3E9100139807 /* RickAndMorty.app */;
			productType = "com.apple.product-type.application";
		};
/* End PBXNativeTarget section */

/* Begin PBXProject section */
		A82B8614240E3E9100139807 /* Project object */ = {
			isa = PBXProject;
			attributes = {
				LastSwiftUpdateCheck = 1130;
				LastUpgradeCheck = 1220;
				ORGANIZATIONNAME = "Alexey Efimov";
				TargetAttributes = {
					A82B861B240E3E9100139807 = {
						CreatedOnToolsVersion = 11.3.1;
					};
				};
			};
			buildConfigurationList = A82B8617240E3E9100139807 /* Build configuration list for PBXProject "RickAndMorty" */;
			compatibilityVersion = "Xcode 9.3";
			developmentRegion = en;
			hasScannedForEncodings = 0;
			knownRegions = (
				en,
				Base,
			);
			mainGroup = A82B8613240E3E9100139807;
			productRefGroup = A82B861D240E3E9100139807 /* Products */;
			projectDirPath = "";
			projectRoot = "";
			targets = (
				A82B861B240E3E9100139807 /* RickAndMorty */,
			);
		};
/* End PBXProject section */

/* Begin PBXResourcesBuildPhase section */
		A82B861A240E3E9100139807 /* Resources */ = {
			isa = PBXResourcesBuildPhase;
			buildActionMask = 2147483647;
			files = (
				A82B862C240E3E9200139807 /* LaunchScreen.storyboard in Resources */,
				A82B8629240E3E9200139807 /* Assets.xcassets in Resources */,
				A82B8627240E3E9100139807 /* Main.storyboard in Resources */,
			);
			runOnlyForDeploymentPostprocessing = 0;
		};
/* End PBXResourcesBuildPhase section */

/* Begin PBXSourcesBuildPhase section */
		A82B8618240E3E9100139807 /* Sources */ = {
			isa = PBXSourcesBuildPhase;
			buildActionMask = 2147483647;
			files = (
				A82B863B240E3FFA00139807 /* ChracterTableViewController.swift in Sources */,
				A82B8620240E3E9100139807 /* AppDelegate.swift in Sources */,
				A82B8647240E421C00139807 /* Extension + UIViewController.swift in Sources */,
				A82B8622240E3E9100139807 /* SceneDelegate.swift in Sources */,
				A82B8644240E411E00139807 /* NetworkManager.swift in Sources */,
				A82B8642240E40E100139807 /* RickAndMorty.swift in Sources */,
				A82B863D240E404500139807 /* DetailsViewController.swift in Sources */,
				A82B8640240E409C00139807 /* TableViewCell.swift in Sources */,
			);
			runOnlyForDeploymentPostprocessing = 0;
		};
/* End PBXSourcesBuildPhase section */

/* Begin PBXVariantGroup section */
		A82B8625240E3E9100139807 /* Main.storyboard */ = {
			isa = PBXVariantGroup;
			children = (
				A82B8626240E3E9100139807 /* Base */,
			);
			name = Main.storyboard;
			sourceTree = "<group>";
		};
		A82B862A240E3E9200139807 /* LaunchScreen.storyboard */ = {
			isa = PBXVariantGroup;
			children = (
				A82B862B240E3E9200139807 /* Base */,
			);
			name = LaunchScreen.storyboard;
			sourceTree = "<group>";
		};
/* End PBXVariantGroup section */

/* Begin XCBuildConfiguration section */
		A82B862E240E3E9200139807 /* Debug */ = {
			isa = XCBuildConfiguration;
			buildSettings = {
				ALWAYS_SEARCH_USER_PATHS = NO;
				CLANG_ANALYZER_NONNULL = YES;
				CLANG_ANALYZER_NUMBER_OBJECT_CONVERSION = YES_AGGRESSIVE;
				CLANG_CXX_LANGUAGE_STANDARD = "gnu++14";
				CLANG_CXX_LIBRARY = "libc++";
				CLANG_ENABLE_MODULES = YES;
				CLANG_ENABLE_OBJC_ARC = YES;
				CLANG_ENABLE_OBJC_WEAK = YES;
				CLANG_WARN_BLOCK_CAPTURE_AUTORELEASING = YES;
				CLANG_WARN_BOOL_CONVERSION = YES;
				CLANG_WARN_COMMA = YES;
				CLANG_WARN_CONSTANT_CONVERSION = YES;
				CLANG_WARN_DEPRECATED_OBJC_IMPLEMENTATIONS = YES;
				CLANG_WARN_DIRECT_OBJC_ISA_USAGE = YES_ERROR;
				CLANG_WARN_DOCUMENTATION_COMMENTS = YES;
				CLANG_WARN_EMPTY_BODY = YES;
				CLANG_WARN_ENUM_CONVERSION = YES;
				CLANG_WARN_INFINITE_RECURSION = YES;
				CLANG_WARN_INT_CONVERSION = YES;
				CLANG_WARN_NON_LITERAL_NULL_CONVERSION = YES;
				CLANG_WARN_OBJC_IMPLICIT_RETAIN_SELF = YES;
				CLANG_WARN_OBJC_LITERAL_CONVERSION = YES;
				CLANG_WARN_OBJC_ROOT_CLASS = YES_ERROR;
				CLANG_WARN_QUOTED_INCLUDE_IN_FRAMEWORK_HEADER = YES;
				CLANG_WARN_RANGE_LOOP_ANALYSIS = YES;
				CLANG_WARN_STRICT_PROTOTYPES = YES;
				CLANG_WARN_SUSPICIOUS_MOVE = YES;
				CLANG_WARN_UNGUARDED_AVAILABILITY = YES_AGGRESSIVE;
				CLANG_WARN_UNREACHABLE_CODE = YES;
				CLANG_WARN__DUPLICATE_METHOD_MATCH = YES;
				COPY_PHASE_STRIP = NO;
				DEBUG_INFORMATION_FORMAT = dwarf;
				ENABLE_STRICT_OBJC_MSGSEND = YES;
				ENABLE_TESTABILITY = YES;
				GCC_C_LANGUAGE_STANDARD = gnu11;
				GCC_DYNAMIC_NO_PIC = NO;
				GCC_NO_COMMON_BLOCKS = YES;
				GCC_OPTIMIZATION_LEVEL = 0;
				GCC_PREPROCESSOR_DEFINITIONS = (
					"DEBUG=1",
					"$(inherited)",
				);
				GCC_WARN_64_TO_32_BIT_CONVERSION = YES;
				GCC_WARN_ABOUT_RETURN_TYPE = YES_ERROR;
				GCC_WARN_UNDECLARED_SELECTOR = YES;
				GCC_WARN_UNINITIALIZED_AUTOS = YES_AGGRESSIVE;
				GCC_WARN_UNUSED_FUNCTION = YES;
				GCC_WARN_UNUSED_VARIABLE = YES;
				IPHONEOS_DEPLOYMENT_TARGET = 13.2;
				MTL_ENABLE_DEBUG_INFO = INCLUDE_SOURCE;
				MTL_FAST_MATH = YES;
				ONLY_ACTIVE_ARCH = YES;
				SDKROOT = iphoneos;
				SWIFT_ACTIVE_COMPILATION_CONDITIONS = DEBUG;
				SWIFT_OPTIMIZATION_LEVEL = "-Onone";
			};
			name = Debug;
		};
		A82B862F240E3E9200139807 /* Release */ = {
			isa = XCBuildConfiguration;
			buildSettings = {
				ALWAYS_SEARCH_USER_PATHS = NO;
				CLANG_ANALYZER_NONNULL = YES;
				CLANG_ANALYZER_NUMBER_OBJECT_CONVERSION = YES_AGGRESSIVE;
				CLANG_CXX_LANGUAGE_STANDARD = "gnu++14";
				CLANG_CXX_LIBRARY = "libc++";
				CLANG_ENABLE_MODULES = YES;
				CLANG_ENABLE_OBJC_ARC = YES;
				CLANG_ENABLE_OBJC_WEAK = YES;
				CLANG_WARN_BLOCK_CAPTURE_AUTORELEASING = YES;
				CLANG_WARN_BOOL_CONVERSION = YES;
				CLANG_WARN_COMMA = YES;
				CLANG_WARN_CONSTANT_CONVERSION = YES;
				CLANG_WARN_DEPRECATED_OBJC_IMPLEMENTATIONS = YES;
				CLANG_WARN_DIRECT_OBJC_ISA_USAGE = YES_ERROR;
				CLANG_WARN_DOCUMENTATION_COMMENTS = YES;
				CLANG_WARN_EMPTY_BODY = YES;
				CLANG_WARN_ENUM_CONVERSION = YES;
				CLANG_WARN_INFINITE_RECURSION = YES;
				CLANG_WARN_INT_CONVERSION = YES;
				CLANG_WARN_NON_LITERAL_NULL_CONVERSION = YES;
				CLANG_WARN_OBJC_IMPLICIT_RETAIN_SELF = YES;
				CLANG_WARN_OBJC_LITERAL_CONVERSION = YES;
				CLANG_WARN_OBJC_ROOT_CLASS = YES_ERROR;
				CLANG_WARN_QUOTED_INCLUDE_IN_FRAMEWORK_HEADER = YES;
				CLANG_WARN_RANGE_LOOP_ANALYSIS = YES;
				CLANG_WARN_STRICT_PROTOTYPES = YES;
				CLANG_WARN_SUSPICIOUS_MOVE = YES;
				CLANG_WARN_UNGUARDED_AVAILABILITY = YES_AGGRESSIVE;
				CLANG_WARN_UNREACHABLE_CODE = YES;
				CLANG_WARN__DUPLICATE_METHOD_MATCH = YES;
				COPY_PHASE_STRIP = NO;
				DEBUG_INFORMATION_FORMAT = "dwarf-with-dsym";
				ENABLE_NS_ASSERTIONS = NO;
				ENABLE_STRICT_OBJC_MSGSEND = YES;
				GCC_C_LANGUAGE_STANDARD = gnu11;
				GCC_NO_COMMON_BLOCKS = YES;
				GCC_WARN_64_TO_32_BIT_CONVERSION = YES;
				GCC_WARN_ABOUT_RETURN_TYPE = YES_ERROR;
				GCC_WARN_UNDECLARED_SELECTOR = YES;
				GCC_WARN_UNINITIALIZED_AUTOS = YES_AGGRESSIVE;
				GCC_WARN_UNUSED_FUNCTION = YES;
				GCC_WARN_UNUSED_VARIABLE = YES;
				IPHONEOS_DEPLOYMENT_TARGET = 13.2;
				MTL_ENABLE_DEBUG_INFO = NO;
				MTL_FAST_MATH = YES;
				SDKROOT = iphoneos;
				SWIFT_COMPILATION_MODE = wholemodule;
				SWIFT_OPTIMIZATION_LEVEL = "-O";
				VALIDATE_PRODUCT = YES;
			};
			name = Release;
		};
		A82B8631240E3E9200139807 /* Debug */ = {
			isa = XCBuildConfiguration;
			buildSettings = {
				ASSETCATALOG_COMPILER_APPICON_NAME = AppIcon;
				CODE_SIGN_STYLE = Automatic;
				DEVELOPMENT_TEAM = GBTTU32HS2;
				INFOPLIST_FILE = RickAndMorty/SupportingFiles/Info.plist;
				LD_RUNPATH_SEARCH_PATHS = (
					"$(inherited)",
					"@executable_path/Frameworks",
				);
				PRODUCT_BUNDLE_IDENTIFIER = ru.swiftbook.RickAndMorty;
				PRODUCT_NAME = "$(TARGET_NAME)";
				SWIFT_VERSION = 5.0;
				TARGETED_DEVICE_FAMILY = "1,2";
			};
			name = Debug;
		};
		A82B8632240E3E9200139807 /* Release */ = {
			isa = XCBuildConfiguration;
			buildSettings = {
				ASSETCATALOG_COMPILER_APPICON_NAME = AppIcon;
				CODE_SIGN_STYLE = Automatic;
				DEVELOPMENT_TEAM = GBTTU32HS2;
				INFOPLIST_FILE = RickAndMorty/SupportingFiles/Info.plist;
				LD_RUNPATH_SEARCH_PATHS = (
					"$(inherited)",
					"@executable_path/Frameworks",
				);
				PRODUCT_BUNDLE_IDENTIFIER = ru.swiftbook.RickAndMorty;
				PRODUCT_NAME = "$(TARGET_NAME)";
				SWIFT_VERSION = 5.0;
				TARGETED_DEVICE_FAMILY = "1,2";
			};
			name = Release;
		};
/* End XCBuildConfiguration section */

/* Begin XCConfigurationList section */
		A82B8617240E3E9100139807 /* Build configuration list for PBXProject "RickAndMorty" */ = {
			isa = XCConfigurationList;
			buildConfigurations = (
				A82B862E240E3E9200139807 /* Debug */,
				A82B862F240E3E9200139807 /* Release */,
			);
			defaultConfigurationIsVisible = 0;
			defaultConfigurationName = Release;
		};
		A82B8630240E3E9200139807 /* Build configuration list for PBXNativeTarget "RickAndMorty" */ = {
			isa = XCConfigurationList;
			buildConfigurations = (
				A82B8631240E3E9200139807 /* Debug */,
				A82B8632240E3E9200139807 /* Release */,
			);
			defaultConfigurationIsVisible = 0;
			defaultConfigurationName = Release;
		};
/* End XCConfigurationList section */
	};
	rootObject = A82B8614240E3E9100139807 /* Project object */;
}
